
Microsoft Visual Studio Solution File, Format Version 12.00
# Visual Studio Version 16
VisualStudioVersion = 16.0.30717.126
MinimumVisualStudioVersion = 10.0.40219.1
Project("{FAE04EC0-301F-11D3-BF4B-00C04F79EFBC}") = "WebAPI", "WebAPI.csproj", "{AE922E1B-0821-46BA-80D4-AF40CEDAD2E4}"
EndProject
Global
	GlobalSection(SolutionConfigurationPlatforms) = preSolution
		Debug|Any CPU = Debug|Any CPU
		Release|Any CPU = Release|Any CPU
	EndGlobalSection
	GlobalSection(ProjectConfigurationPlatforms) = postSolution
		{AE922E1B-0821-46BA-80D4-AF40CEDAD2E4}.Debug|Any CPU.ActiveCfg = Debug|Any CPU
		{AE922E1B-0821-46BA-80D4-AF40CEDAD2E4}.Debug|Any CPU.Build.0 = Debug|Any CPU
		{AE922E1B-0821-46BA-80D4-AF40CEDAD2E4}.Release|Any CPU.ActiveCfg = Release|Any CPU
		{AE922E1B-0821-46BA-80D4-AF40CEDAD2E4}.Release|Any CPU.Build.0 = Release|Any CPU
	EndGlobalSection
	GlobalSection(SolutionProperties) = preSolution
		HideSolutionNode = FALSE
	EndGlobalSection
	GlobalSection(ExtensibilityGlobals) = postSolution
		SolutionGuid = {3DB5DC07-7BA8-4012-9DBA-DEE38427B309}
	EndGlobalSection
EndGlobal
